
Microsoft Visual Studio Solution File, Format Version 12.00
# Visual Studio Version 16
VisualStudioVersion = 16.0.29025.244
MinimumVisualStudioVersion = 10.0.40219.1
Project("{2150E333-8FDC-42A3-9474-1A3956D46DE8}") = "Quick Pad", "Quick Pad", "{901F2C6E-B290-4407-99EA-B2859C589FC1}"
EndProject
Project("{2150E333-8FDC-42A3-9474-1A3956D46DE8}") = "UI", "UI", "{A92D39BC-58B4-423F-B9D0-88B556EF3C9A}"
EndProject
Project("{2150E333-8FDC-42A3-9474-1A3956D46DE8}") = "Data", "Data", "{07321F27-23C1-4115-B3CA-4DFE16302D5D}"
EndProject
Project("{2150E333-8FDC-42A3-9474-1A3956D46DE8}") = "Services", "Services", "{46302E28-9160-47F7-89A0-D742E6359546}"
EndProject
Project("{FAE04EC0-301F-11D3-BF4B-00C04F79EFBC}") = "QuickPad.Data", "QuickPad.Data\QuickPad.Data\QuickPad.Data.csproj", "{4092441F-4F90-4DF6-B68C-6EC27AC22CA2}"
EndProject
Project("{9A19103F-16F7-4668-BE54-9A1E7A4F7556}") = "QuickPad.Standard.Mvc", "QuickPad.Standard.Mvc\QuickPad.Standard.Mvc.csproj", "{6F4E3759-FF34-4ABE-BCE2-35078E27A681}"
EndProject
Project("{9A19103F-16F7-4668-BE54-9A1E7A4F7556}") = "QuickPad.Standard.Mvvm", "QuickPad.Standard.Mvvm\QuickPad.Standard.Mvvm.csproj", "{E6A773FB-DBF3-4E5A-A585-400E8A83FE7C}"
EndProject
Project("{9A19103F-16F7-4668-BE54-9A1E7A4F7556}") = "QuickPad.Standard.Data", "QuickPad.Standard.Data\QuickPad.Standard.Data.csproj", "{EF407A85-3916-4B4D-AC88-59709E3E9542}"
EndProject
Project("{D954291E-2A0B-460D-934E-DC6B0785DB48}") = "QuickPad.Shared.Commands", "QuickPad.Shared.Commands\QuickPad.Shared.Commands.shproj", "{A3A11726-6514-4508-8514-E779832A5FAB}"
EndProject
Project("{2150E333-8FDC-42A3-9474-1A3956D46DE8}") = "Mobile", "Mobile", "{A4FACC57-312D-41F1-9864-D0BFB3DD99AA}"
EndProject
Project("{D954291E-2A0B-460D-934E-DC6B0785DB48}") = "QuickPad.UI.Mobile.Shared", "QuickPad.UI\Mobile\QuickPad.UI.Mobile\QuickPad.UI.Mobile.Shared\QuickPad.UI.Mobile.Shared.shproj", "{6279C845-92F8-4333-AB99-3D213163593C}"
EndProject
Project("{FAE04EC0-301F-11D3-BF4B-00C04F79EFBC}") = "QuickPad.UI.Mobile.Droid", "QuickPad.UI\Mobile\QuickPad.UI.Mobile\QuickPad.UI.Mobile.Droid\QuickPad.UI.Mobile.Droid.csproj", "{88925495-D410-4522-B748-3BC9808B46DA}"
EndProject
Project("{FAE04EC0-301F-11D3-BF4B-00C04F79EFBC}") = "QuickPad.UI.Mobile.iOS", "QuickPad.UI\Mobile\QuickPad.UI.Mobile\QuickPad.UI.Mobile.iOS\QuickPad.UI.Mobile.iOS.csproj", "{FEFB0E9D-C633-48CD-90A7-2D48CF838FC1}"
EndProject
Project("{FAE04EC0-301F-11D3-BF4B-00C04F79EFBC}") = "QuickPad.UI.Mobile.UWP", "QuickPad.UI\Mobile\QuickPad.UI.Mobile\QuickPad.UI.Mobile.UWP\QuickPad.UI.Mobile.UWP.csproj", "{5A6DBEAF-32AA-4353-80DE-C0B37031C787}"
EndProject
Project("{9A19103F-16F7-4668-BE54-9A1E7A4F7556}") = "QuickPad.UI.Mobile.Wasm", "QuickPad.UI\Mobile\QuickPad.UI.Mobile\QuickPad.UI.Mobile.Wasm\QuickPad.UI.Mobile.Wasm.csproj", "{072A09F0-9285-4799-9352-C831732C0E38}"
EndProject
Global
	GlobalSection(SharedMSBuildProjectFiles) = preSolution
		QuickPad.Shared.Commands\QuickPad.Shared.Commands.projitems*{072a09f0-9285-4799-9352-c831732c0e38}*SharedItemsImports = 5
		QuickPad.UI\Mobile\QuickPad.UI.Mobile\QuickPad.UI.Mobile.Shared\QuickPad.UI.Mobile.Shared.projitems*{072a09f0-9285-4799-9352-c831732c0e38}*SharedItemsImports = 5
		QuickPad.Shared.Commands\QuickPad.Shared.Commands.projitems*{5a6dbeaf-32aa-4353-80de-c0b37031c787}*SharedItemsImports = 4
		QuickPad.UI\Mobile\QuickPad.UI.Mobile\QuickPad.UI.Mobile.Shared\QuickPad.UI.Mobile.Shared.projitems*{5a6dbeaf-32aa-4353-80de-c0b37031c787}*SharedItemsImports = 4
		QuickPad.UI\Mobile\QuickPad.UI.Mobile\QuickPad.UI.Mobile.Shared\QuickPad.UI.Mobile.Shared.projitems*{6279c845-92f8-4333-ab99-3d213163593c}*SharedItemsImports = 13
		QuickPad.Shared.Commands\QuickPad.Shared.Commands.projitems*{88925495-d410-4522-b748-3bc9808b46da}*SharedItemsImports = 4
		QuickPad.UI\Mobile\QuickPad.UI.Mobile\QuickPad.UI.Mobile.Shared\QuickPad.UI.Mobile.Shared.projitems*{88925495-d410-4522-b748-3bc9808b46da}*SharedItemsImports = 4
		QuickPad.Shared.Commands\QuickPad.Shared.Commands.projitems*{a3a11726-6514-4508-8514-e779832a5fab}*SharedItemsImports = 13
		QuickPad.UI\Mobile\QuickPad.UI.Mobile\QuickPad.UI.Mobile.Shared\QuickPad.UI.Mobile.Shared.projitems*{fefb0e9d-c633-48cd-90a7-2d48cf838fc1}*SharedItemsImports = 4
	EndGlobalSection
	GlobalSection(SolutionConfigurationPlatforms) = preSolution
		Ad-Hoc|Any CPU = Ad-Hoc|Any CPU
		Ad-Hoc|ARM = Ad-Hoc|ARM
		Ad-Hoc|ARM64 = Ad-Hoc|ARM64
		Ad-Hoc|iPhone = Ad-Hoc|iPhone
		Ad-Hoc|iPhoneSimulator = Ad-Hoc|iPhoneSimulator
		Ad-Hoc|x64 = Ad-Hoc|x64
		Ad-Hoc|x86 = Ad-Hoc|x86
		AppStore|Any CPU = AppStore|Any CPU
		AppStore|ARM = AppStore|ARM
		AppStore|ARM64 = AppStore|ARM64
		AppStore|iPhone = AppStore|iPhone
		AppStore|iPhoneSimulator = AppStore|iPhoneSimulator
		AppStore|x64 = AppStore|x64
		AppStore|x86 = AppStore|x86
		Debug|Any CPU = Debug|Any CPU
		Debug|ARM = Debug|ARM
		Debug|ARM64 = Debug|ARM64
		Debug|iPhone = Debug|iPhone
		Debug|iPhoneSimulator = Debug|iPhoneSimulator
		Debug|x64 = Debug|x64
		Debug|x86 = Debug|x86
		Release|Any CPU = Release|Any CPU
		Release|ARM = Release|ARM
		Release|ARM64 = Release|ARM64
		Release|iPhone = Release|iPhone
		Release|iPhoneSimulator = Release|iPhoneSimulator
		Release|x64 = Release|x64
		Release|x86 = Release|x86
	EndGlobalSection
	GlobalSection(ProjectConfigurationPlatforms) = postSolution
		{4092441F-4F90-4DF6-B68C-6EC27AC22CA2}.Ad-Hoc|Any CPU.ActiveCfg = Release|Any CPU
		{4092441F-4F90-4DF6-B68C-6EC27AC22CA2}.Ad-Hoc|Any CPU.Build.0 = Release|Any CPU
		{4092441F-4F90-4DF6-B68C-6EC27AC22CA2}.Ad-Hoc|ARM.ActiveCfg = Release|ARM
		{4092441F-4F90-4DF6-B68C-6EC27AC22CA2}.Ad-Hoc|ARM.Build.0 = Release|ARM
		{4092441F-4F90-4DF6-B68C-6EC27AC22CA2}.Ad-Hoc|ARM64.ActiveCfg = Release|ARM64
		{4092441F-4F90-4DF6-B68C-6EC27AC22CA2}.Ad-Hoc|ARM64.Build.0 = Release|ARM64
		{4092441F-4F90-4DF6-B68C-6EC27AC22CA2}.Ad-Hoc|iPhone.ActiveCfg = Release|Any CPU
		{4092441F-4F90-4DF6-B68C-6EC27AC22CA2}.Ad-Hoc|iPhone.Build.0 = Release|Any CPU
		{4092441F-4F90-4DF6-B68C-6EC27AC22CA2}.Ad-Hoc|iPhoneSimulator.ActiveCfg = Release|Any CPU
		{4092441F-4F90-4DF6-B68C-6EC27AC22CA2}.Ad-Hoc|iPhoneSimulator.Build.0 = Release|Any CPU
		{4092441F-4F90-4DF6-B68C-6EC27AC22CA2}.Ad-Hoc|x64.ActiveCfg = Release|x64
		{4092441F-4F90-4DF6-B68C-6EC27AC22CA2}.Ad-Hoc|x64.Build.0 = Release|x64
		{4092441F-4F90-4DF6-B68C-6EC27AC22CA2}.Ad-Hoc|x86.ActiveCfg = Release|x86
		{4092441F-4F90-4DF6-B68C-6EC27AC22CA2}.Ad-Hoc|x86.Build.0 = Release|x86
		{4092441F-4F90-4DF6-B68C-6EC27AC22CA2}.AppStore|Any CPU.ActiveCfg = Release|Any CPU
		{4092441F-4F90-4DF6-B68C-6EC27AC22CA2}.AppStore|Any CPU.Build.0 = Release|Any CPU
		{4092441F-4F90-4DF6-B68C-6EC27AC22CA2}.AppStore|ARM.ActiveCfg = Release|ARM
		{4092441F-4F90-4DF6-B68C-6EC27AC22CA2}.AppStore|ARM.Build.0 = Release|ARM
		{4092441F-4F90-4DF6-B68C-6EC27AC22CA2}.AppStore|ARM64.ActiveCfg = Release|ARM64
		{4092441F-4F90-4DF6-B68C-6EC27AC22CA2}.AppStore|ARM64.Build.0 = Release|ARM64
		{4092441F-4F90-4DF6-B68C-6EC27AC22CA2}.AppStore|iPhone.ActiveCfg = Release|Any CPU
		{4092441F-4F90-4DF6-B68C-6EC27AC22CA2}.AppStore|iPhone.Build.0 = Release|Any CPU
		{4092441F-4F90-4DF6-B68C-6EC27AC22CA2}.AppStore|iPhoneSimulator.ActiveCfg = Release|Any CPU
		{4092441F-4F90-4DF6-B68C-6EC27AC22CA2}.AppStore|iPhoneSimulator.Build.0 = Release|Any CPU
		{4092441F-4F90-4DF6-B68C-6EC27AC22CA2}.AppStore|x64.ActiveCfg = Release|x64
		{4092441F-4F90-4DF6-B68C-6EC27AC22CA2}.AppStore|x64.Build.0 = Release|x64
		{4092441F-4F90-4DF6-B68C-6EC27AC22CA2}.AppStore|x86.ActiveCfg = Release|x86
		{4092441F-4F90-4DF6-B68C-6EC27AC22CA2}.AppStore|x86.Build.0 = Release|x86
		{4092441F-4F90-4DF6-B68C-6EC27AC22CA2}.Debug|Any CPU.ActiveCfg = Debug|Any CPU
		{4092441F-4F90-4DF6-B68C-6EC27AC22CA2}.Debug|Any CPU.Build.0 = Debug|Any CPU
		{4092441F-4F90-4DF6-B68C-6EC27AC22CA2}.Debug|ARM.ActiveCfg = Debug|ARM
		{4092441F-4F90-4DF6-B68C-6EC27AC22CA2}.Debug|ARM.Build.0 = Debug|ARM
		{4092441F-4F90-4DF6-B68C-6EC27AC22CA2}.Debug|ARM64.ActiveCfg = Debug|ARM64
		{4092441F-4F90-4DF6-B68C-6EC27AC22CA2}.Debug|ARM64.Build.0 = Debug|ARM64
		{4092441F-4F90-4DF6-B68C-6EC27AC22CA2}.Debug|iPhone.ActiveCfg = Debug|Any CPU
		{4092441F-4F90-4DF6-B68C-6EC27AC22CA2}.Debug|iPhone.Build.0 = Debug|Any CPU
		{4092441F-4F90-4DF6-B68C-6EC27AC22CA2}.Debug|iPhoneSimulator.ActiveCfg = Debug|Any CPU
		{4092441F-4F90-4DF6-B68C-6EC27AC22CA2}.Debug|iPhoneSimulator.Build.0 = Debug|Any CPU
		{4092441F-4F90-4DF6-B68C-6EC27AC22CA2}.Debug|x64.ActiveCfg = Debug|x64
		{4092441F-4F90-4DF6-B68C-6EC27AC22CA2}.Debug|x64.Build.0 = Debug|x64
		{4092441F-4F90-4DF6-B68C-6EC27AC22CA2}.Debug|x86.ActiveCfg = Debug|x86
		{4092441F-4F90-4DF6-B68C-6EC27AC22CA2}.Debug|x86.Build.0 = Debug|x86
		{4092441F-4F90-4DF6-B68C-6EC27AC22CA2}.Release|Any CPU.ActiveCfg = Release|Any CPU
		{4092441F-4F90-4DF6-B68C-6EC27AC22CA2}.Release|Any CPU.Build.0 = Release|Any CPU
		{4092441F-4F90-4DF6-B68C-6EC27AC22CA2}.Release|ARM.ActiveCfg = Release|ARM
		{4092441F-4F90-4DF6-B68C-6EC27AC22CA2}.Release|ARM.Build.0 = Release|ARM
		{4092441F-4F90-4DF6-B68C-6EC27AC22CA2}.Release|ARM64.ActiveCfg = Release|ARM64
		{4092441F-4F90-4DF6-B68C-6EC27AC22CA2}.Release|ARM64.Build.0 = Release|ARM64
		{4092441F-4F90-4DF6-B68C-6EC27AC22CA2}.Release|iPhone.ActiveCfg = Release|Any CPU
		{4092441F-4F90-4DF6-B68C-6EC27AC22CA2}.Release|iPhone.Build.0 = Release|Any CPU
		{4092441F-4F90-4DF6-B68C-6EC27AC22CA2}.Release|iPhoneSimulator.ActiveCfg = Release|Any CPU
		{4092441F-4F90-4DF6-B68C-6EC27AC22CA2}.Release|iPhoneSimulator.Build.0 = Release|Any CPU
		{4092441F-4F90-4DF6-B68C-6EC27AC22CA2}.Release|x64.ActiveCfg = Release|x64
		{4092441F-4F90-4DF6-B68C-6EC27AC22CA2}.Release|x64.Build.0 = Release|x64
		{4092441F-4F90-4DF6-B68C-6EC27AC22CA2}.Release|x86.ActiveCfg = Release|x86
		{4092441F-4F90-4DF6-B68C-6EC27AC22CA2}.Release|x86.Build.0 = Release|x86
		{6F4E3759-FF34-4ABE-BCE2-35078E27A681}.Ad-Hoc|Any CPU.ActiveCfg = Release|Any CPU
		{6F4E3759-FF34-4ABE-BCE2-35078E27A681}.Ad-Hoc|Any CPU.Build.0 = Release|Any CPU
		{6F4E3759-FF34-4ABE-BCE2-35078E27A681}.Ad-Hoc|ARM.ActiveCfg = Release|Any CPU
		{6F4E3759-FF34-4ABE-BCE2-35078E27A681}.Ad-Hoc|ARM.Build.0 = Release|Any CPU
		{6F4E3759-FF34-4ABE-BCE2-35078E27A681}.Ad-Hoc|ARM64.ActiveCfg = Release|Any CPU
		{6F4E3759-FF34-4ABE-BCE2-35078E27A681}.Ad-Hoc|ARM64.Build.0 = Release|Any CPU
		{6F4E3759-FF34-4ABE-BCE2-35078E27A681}.Ad-Hoc|iPhone.ActiveCfg = Release|Any CPU
		{6F4E3759-FF34-4ABE-BCE2-35078E27A681}.Ad-Hoc|iPhone.Build.0 = Release|Any CPU
		{6F4E3759-FF34-4ABE-BCE2-35078E27A681}.Ad-Hoc|iPhoneSimulator.ActiveCfg = Release|Any CPU
		{6F4E3759-FF34-4ABE-BCE2-35078E27A681}.Ad-Hoc|iPhoneSimulator.Build.0 = Release|Any CPU
		{6F4E3759-FF34-4ABE-BCE2-35078E27A681}.Ad-Hoc|x64.ActiveCfg = Release|Any CPU
		{6F4E3759-FF34-4ABE-BCE2-35078E27A681}.Ad-Hoc|x64.Build.0 = Release|Any CPU
		{6F4E3759-FF34-4ABE-BCE2-35078E27A681}.Ad-Hoc|x86.ActiveCfg = Release|Any CPU
		{6F4E3759-FF34-4ABE-BCE2-35078E27A681}.Ad-Hoc|x86.Build.0 = Release|Any CPU
		{6F4E3759-FF34-4ABE-BCE2-35078E27A681}.AppStore|Any CPU.ActiveCfg = Release|Any CPU
		{6F4E3759-FF34-4ABE-BCE2-35078E27A681}.AppStore|Any CPU.Build.0 = Release|Any CPU
		{6F4E3759-FF34-4ABE-BCE2-35078E27A681}.AppStore|ARM.ActiveCfg = Release|Any CPU
		{6F4E3759-FF34-4ABE-BCE2-35078E27A681}.AppStore|ARM.Build.0 = Release|Any CPU
		{6F4E3759-FF34-4ABE-BCE2-35078E27A681}.AppStore|ARM64.ActiveCfg = Release|Any CPU
		{6F4E3759-FF34-4ABE-BCE2-35078E27A681}.AppStore|ARM64.Build.0 = Release|Any CPU
		{6F4E3759-FF34-4ABE-BCE2-35078E27A681}.AppStore|iPhone.ActiveCfg = Release|Any CPU
		{6F4E3759-FF34-4ABE-BCE2-35078E27A681}.AppStore|iPhone.Build.0 = Release|Any CPU
		{6F4E3759-FF34-4ABE-BCE2-35078E27A681}.AppStore|iPhoneSimulator.ActiveCfg = Release|Any CPU
		{6F4E3759-FF34-4ABE-BCE2-35078E27A681}.AppStore|iPhoneSimulator.Build.0 = Release|Any CPU
		{6F4E3759-FF34-4ABE-BCE2-35078E27A681}.AppStore|x64.ActiveCfg = Release|Any CPU
		{6F4E3759-FF34-4ABE-BCE2-35078E27A681}.AppStore|x64.Build.0 = Release|Any CPU
		{6F4E3759-FF34-4ABE-BCE2-35078E27A681}.AppStore|x86.ActiveCfg = Release|Any CPU
		{6F4E3759-FF34-4ABE-BCE2-35078E27A681}.AppStore|x86.Build.0 = Release|Any CPU
		{6F4E3759-FF34-4ABE-BCE2-35078E27A681}.Debug|Any CPU.ActiveCfg = Debug|Any CPU
		{6F4E3759-FF34-4ABE-BCE2-35078E27A681}.Debug|Any CPU.Build.0 = Debug|Any CPU
		{6F4E3759-FF34-4ABE-BCE2-35078E27A681}.Debug|ARM.ActiveCfg = Debug|Any CPU
		{6F4E3759-FF34-4ABE-BCE2-35078E27A681}.Debug|ARM.Build.0 = Debug|Any CPU
		{6F4E3759-FF34-4ABE-BCE2-35078E27A681}.Debug|ARM64.ActiveCfg = Debug|Any CPU
		{6F4E3759-FF34-4ABE-BCE2-35078E27A681}.Debug|ARM64.Build.0 = Debug|Any CPU
		{6F4E3759-FF34-4ABE-BCE2-35078E27A681}.Debug|iPhone.ActiveCfg = Debug|Any CPU
		{6F4E3759-FF34-4ABE-BCE2-35078E27A681}.Debug|iPhone.Build.0 = Debug|Any CPU
		{6F4E3759-FF34-4ABE-BCE2-35078E27A681}.Debug|iPhoneSimulator.ActiveCfg = Debug|Any CPU
		{6F4E3759-FF34-4ABE-BCE2-35078E27A681}.Debug|iPhoneSimulator.Build.0 = Debug|Any CPU
		{6F4E3759-FF34-4ABE-BCE2-35078E27A681}.Debug|x64.ActiveCfg = Debug|Any CPU
		{6F4E3759-FF34-4ABE-BCE2-35078E27A681}.Debug|x64.Build.0 = Debug|Any CPU
		{6F4E3759-FF34-4ABE-BCE2-35078E27A681}.Debug|x86.ActiveCfg = Debug|Any CPU
		{6F4E3759-FF34-4ABE-BCE2-35078E27A681}.Debug|x86.Build.0 = Debug|Any CPU
		{6F4E3759-FF34-4ABE-BCE2-35078E27A681}.Release|Any CPU.ActiveCfg = Release|Any CPU
		{6F4E3759-FF34-4ABE-BCE2-35078E27A681}.Release|Any CPU.Build.0 = Release|Any CPU
		{6F4E3759-FF34-4ABE-BCE2-35078E27A681}.Release|ARM.ActiveCfg = Release|Any CPU
		{6F4E3759-FF34-4ABE-BCE2-35078E27A681}.Release|ARM.Build.0 = Release|Any CPU
		{6F4E3759-FF34-4ABE-BCE2-35078E27A681}.Release|ARM64.ActiveCfg = Release|Any CPU
		{6F4E3759-FF34-4ABE-BCE2-35078E27A681}.Release|ARM64.Build.0 = Release|Any CPU
		{6F4E3759-FF34-4ABE-BCE2-35078E27A681}.Release|iPhone.ActiveCfg = Release|Any CPU
		{6F4E3759-FF34-4ABE-BCE2-35078E27A681}.Release|iPhone.Build.0 = Release|Any CPU
		{6F4E3759-FF34-4ABE-BCE2-35078E27A681}.Release|iPhoneSimulator.ActiveCfg = Release|Any CPU
		{6F4E3759-FF34-4ABE-BCE2-35078E27A681}.Release|iPhoneSimulator.Build.0 = Release|Any CPU
		{6F4E3759-FF34-4ABE-BCE2-35078E27A681}.Release|x64.ActiveCfg = Release|Any CPU
		{6F4E3759-FF34-4ABE-BCE2-35078E27A681}.Release|x64.Build.0 = Release|Any CPU
		{6F4E3759-FF34-4ABE-BCE2-35078E27A681}.Release|x86.ActiveCfg = Release|Any CPU
		{6F4E3759-FF34-4ABE-BCE2-35078E27A681}.Release|x86.Build.0 = Release|Any CPU
		{E6A773FB-DBF3-4E5A-A585-400E8A83FE7C}.Ad-Hoc|Any CPU.ActiveCfg = Release|Any CPU
		{E6A773FB-DBF3-4E5A-A585-400E8A83FE7C}.Ad-Hoc|Any CPU.Build.0 = Release|Any CPU
		{E6A773FB-DBF3-4E5A-A585-400E8A83FE7C}.Ad-Hoc|ARM.ActiveCfg = Release|Any CPU
		{E6A773FB-DBF3-4E5A-A585-400E8A83FE7C}.Ad-Hoc|ARM.Build.0 = Release|Any CPU
		{E6A773FB-DBF3-4E5A-A585-400E8A83FE7C}.Ad-Hoc|ARM64.ActiveCfg = Release|Any CPU
		{E6A773FB-DBF3-4E5A-A585-400E8A83FE7C}.Ad-Hoc|ARM64.Build.0 = Release|Any CPU
		{E6A773FB-DBF3-4E5A-A585-400E8A83FE7C}.Ad-Hoc|iPhone.ActiveCfg = Release|Any CPU
		{E6A773FB-DBF3-4E5A-A585-400E8A83FE7C}.Ad-Hoc|iPhone.Build.0 = Release|Any CPU
		{E6A773FB-DBF3-4E5A-A585-400E8A83FE7C}.Ad-Hoc|iPhoneSimulator.ActiveCfg = Release|Any CPU
		{E6A773FB-DBF3-4E5A-A585-400E8A83FE7C}.Ad-Hoc|iPhoneSimulator.Build.0 = Release|Any CPU
		{E6A773FB-DBF3-4E5A-A585-400E8A83FE7C}.Ad-Hoc|x64.ActiveCfg = Release|Any CPU
		{E6A773FB-DBF3-4E5A-A585-400E8A83FE7C}.Ad-Hoc|x64.Build.0 = Release|Any CPU
		{E6A773FB-DBF3-4E5A-A585-400E8A83FE7C}.Ad-Hoc|x86.ActiveCfg = Release|Any CPU
		{E6A773FB-DBF3-4E5A-A585-400E8A83FE7C}.Ad-Hoc|x86.Build.0 = Release|Any CPU
		{E6A773FB-DBF3-4E5A-A585-400E8A83FE7C}.AppStore|Any CPU.ActiveCfg = Release|Any CPU
		{E6A773FB-DBF3-4E5A-A585-400E8A83FE7C}.AppStore|Any CPU.Build.0 = Release|Any CPU
		{E6A773FB-DBF3-4E5A-A585-400E8A83FE7C}.AppStore|ARM.ActiveCfg = Release|Any CPU
		{E6A773FB-DBF3-4E5A-A585-400E8A83FE7C}.AppStore|ARM.Build.0 = Release|Any CPU
		{E6A773FB-DBF3-4E5A-A585-400E8A83FE7C}.AppStore|ARM64.ActiveCfg = Release|Any CPU
		{E6A773FB-DBF3-4E5A-A585-400E8A83FE7C}.AppStore|ARM64.Build.0 = Release|Any CPU
		{E6A773FB-DBF3-4E5A-A585-400E8A83FE7C}.AppStore|iPhone.ActiveCfg = Release|Any CPU
		{E6A773FB-DBF3-4E5A-A585-400E8A83FE7C}.AppStore|iPhone.Build.0 = Release|Any CPU
		{E6A773FB-DBF3-4E5A-A585-400E8A83FE7C}.AppStore|iPhoneSimulator.ActiveCfg = Release|Any CPU
		{E6A773FB-DBF3-4E5A-A585-400E8A83FE7C}.AppStore|iPhoneSimulator.Build.0 = Release|Any CPU
		{E6A773FB-DBF3-4E5A-A585-400E8A83FE7C}.AppStore|x64.ActiveCfg = Release|Any CPU
		{E6A773FB-DBF3-4E5A-A585-400E8A83FE7C}.AppStore|x64.Build.0 = Release|Any CPU
		{E6A773FB-DBF3-4E5A-A585-400E8A83FE7C}.AppStore|x86.ActiveCfg = Release|Any CPU
		{E6A773FB-DBF3-4E5A-A585-400E8A83FE7C}.AppStore|x86.Build.0 = Release|Any CPU
		{E6A773FB-DBF3-4E5A-A585-400E8A83FE7C}.Debug|Any CPU.ActiveCfg = Debug|Any CPU
		{E6A773FB-DBF3-4E5A-A585-400E8A83FE7C}.Debug|Any CPU.Build.0 = Debug|Any CPU
		{E6A773FB-DBF3-4E5A-A585-400E8A83FE7C}.Debug|ARM.ActiveCfg = Debug|Any CPU
		{E6A773FB-DBF3-4E5A-A585-400E8A83FE7C}.Debug|ARM.Build.0 = Debug|Any CPU
		{E6A773FB-DBF3-4E5A-A585-400E8A83FE7C}.Debug|ARM64.ActiveCfg = Debug|Any CPU
		{E6A773FB-DBF3-4E5A-A585-400E8A83FE7C}.Debug|ARM64.Build.0 = Debug|Any CPU
		{E6A773FB-DBF3-4E5A-A585-400E8A83FE7C}.Debug|iPhone.ActiveCfg = Debug|Any CPU
		{E6A773FB-DBF3-4E5A-A585-400E8A83FE7C}.Debug|iPhone.Build.0 = Debug|Any CPU
		{E6A773FB-DBF3-4E5A-A585-400E8A83FE7C}.Debug|iPhoneSimulator.ActiveCfg = Debug|Any CPU
		{E6A773FB-DBF3-4E5A-A585-400E8A83FE7C}.Debug|iPhoneSimulator.Build.0 = Debug|Any CPU
		{E6A773FB-DBF3-4E5A-A585-400E8A83FE7C}.Debug|x64.ActiveCfg = Debug|Any CPU
		{E6A773FB-DBF3-4E5A-A585-400E8A83FE7C}.Debug|x64.Build.0 = Debug|Any CPU
		{E6A773FB-DBF3-4E5A-A585-400E8A83FE7C}.Debug|x86.ActiveCfg = Debug|Any CPU
		{E6A773FB-DBF3-4E5A-A585-400E8A83FE7C}.Debug|x86.Build.0 = Debug|Any CPU
		{E6A773FB-DBF3-4E5A-A585-400E8A83FE7C}.Release|Any CPU.ActiveCfg = Release|Any CPU
		{E6A773FB-DBF3-4E5A-A585-400E8A83FE7C}.Release|Any CPU.Build.0 = Release|Any CPU
		{E6A773FB-DBF3-4E5A-A585-400E8A83FE7C}.Release|ARM.ActiveCfg = Release|Any CPU
		{E6A773FB-DBF3-4E5A-A585-400E8A83FE7C}.Release|ARM.Build.0 = Release|Any CPU
		{E6A773FB-DBF3-4E5A-A585-400E8A83FE7C}.Release|ARM64.ActiveCfg = Release|Any CPU
		{E6A773FB-DBF3-4E5A-A585-400E8A83FE7C}.Release|ARM64.Build.0 = Release|Any CPU
		{E6A773FB-DBF3-4E5A-A585-400E8A83FE7C}.Release|iPhone.ActiveCfg = Release|Any CPU
		{E6A773FB-DBF3-4E5A-A585-400E8A83FE7C}.Release|iPhone.Build.0 = Release|Any CPU
		{E6A773FB-DBF3-4E5A-A585-400E8A83FE7C}.Release|iPhoneSimulator.ActiveCfg = Release|Any CPU
		{E6A773FB-DBF3-4E5A-A585-400E8A83FE7C}.Release|iPhoneSimulator.Build.0 = Release|Any CPU
		{E6A773FB-DBF3-4E5A-A585-400E8A83FE7C}.Release|x64.ActiveCfg = Release|Any CPU
		{E6A773FB-DBF3-4E5A-A585-400E8A83FE7C}.Release|x64.Build.0 = Release|Any CPU
		{E6A773FB-DBF3-4E5A-A585-400E8A83FE7C}.Release|x86.ActiveCfg = Release|Any CPU
		{E6A773FB-DBF3-4E5A-A585-400E8A83FE7C}.Release|x86.Build.0 = Release|Any CPU
		{EF407A85-3916-4B4D-AC88-59709E3E9542}.Ad-Hoc|Any CPU.ActiveCfg = Release|Any CPU
		{EF407A85-3916-4B4D-AC88-59709E3E9542}.Ad-Hoc|Any CPU.Build.0 = Release|Any CPU
		{EF407A85-3916-4B4D-AC88-59709E3E9542}.Ad-Hoc|ARM.ActiveCfg = Release|Any CPU
		{EF407A85-3916-4B4D-AC88-59709E3E9542}.Ad-Hoc|ARM.Build.0 = Release|Any CPU
		{EF407A85-3916-4B4D-AC88-59709E3E9542}.Ad-Hoc|ARM64.ActiveCfg = Release|Any CPU
		{EF407A85-3916-4B4D-AC88-59709E3E9542}.Ad-Hoc|ARM64.Build.0 = Release|Any CPU
		{EF407A85-3916-4B4D-AC88-59709E3E9542}.Ad-Hoc|iPhone.ActiveCfg = Release|Any CPU
		{EF407A85-3916-4B4D-AC88-59709E3E9542}.Ad-Hoc|iPhone.Build.0 = Release|Any CPU
		{EF407A85-3916-4B4D-AC88-59709E3E9542}.Ad-Hoc|iPhoneSimulator.ActiveCfg = Release|Any CPU
		{EF407A85-3916-4B4D-AC88-59709E3E9542}.Ad-Hoc|iPhoneSimulator.Build.0 = Release|Any CPU
		{EF407A85-3916-4B4D-AC88-59709E3E9542}.Ad-Hoc|x64.ActiveCfg = Release|Any CPU
		{EF407A85-3916-4B4D-AC88-59709E3E9542}.Ad-Hoc|x64.Build.0 = Release|Any CPU
		{EF407A85-3916-4B4D-AC88-59709E3E9542}.Ad-Hoc|x86.ActiveCfg = Release|Any CPU
		{EF407A85-3916-4B4D-AC88-59709E3E9542}.Ad-Hoc|x86.Build.0 = Release|Any CPU
		{EF407A85-3916-4B4D-AC88-59709E3E9542}.AppStore|Any CPU.ActiveCfg = Release|Any CPU
		{EF407A85-3916-4B4D-AC88-59709E3E9542}.AppStore|Any CPU.Build.0 = Release|Any CPU
		{EF407A85-3916-4B4D-AC88-59709E3E9542}.AppStore|ARM.ActiveCfg = Release|Any CPU
		{EF407A85-3916-4B4D-AC88-59709E3E9542}.AppStore|ARM.Build.0 = Release|Any CPU
		{EF407A85-3916-4B4D-AC88-59709E3E9542}.AppStore|ARM64.ActiveCfg = Release|Any CPU
		{EF407A85-3916-4B4D-AC88-59709E3E9542}.AppStore|ARM64.Build.0 = Release|Any CPU
		{EF407A85-3916-4B4D-AC88-59709E3E9542}.AppStore|iPhone.ActiveCfg = Release|Any CPU
		{EF407A85-3916-4B4D-AC88-59709E3E9542}.AppStore|iPhone.Build.0 = Release|Any CPU
		{EF407A85-3916-4B4D-AC88-59709E3E9542}.AppStore|iPhoneSimulator.ActiveCfg = Release|Any CPU
		{EF407A85-3916-4B4D-AC88-59709E3E9542}.AppStore|iPhoneSimulator.Build.0 = Release|Any CPU
		{EF407A85-3916-4B4D-AC88-59709E3E9542}.AppStore|x64.ActiveCfg = Release|Any CPU
		{EF407A85-3916-4B4D-AC88-59709E3E9542}.AppStore|x64.Build.0 = Release|Any CPU
		{EF407A85-3916-4B4D-AC88-59709E3E9542}.AppStore|x86.ActiveCfg = Release|Any CPU
		{EF407A85-3916-4B4D-AC88-59709E3E9542}.AppStore|x86.Build.0 = Release|Any CPU
		{EF407A85-3916-4B4D-AC88-59709E3E9542}.Debug|Any CPU.ActiveCfg = Debug|Any CPU
		{EF407A85-3916-4B4D-AC88-59709E3E9542}.Debug|Any CPU.Build.0 = Debug|Any CPU
		{EF407A85-3916-4B4D-AC88-59709E3E9542}.Debug|ARM.ActiveCfg = Debug|Any CPU
		{EF407A85-3916-4B4D-AC88-59709E3E9542}.Debug|ARM.Build.0 = Debug|Any CPU
		{EF407A85-3916-4B4D-AC88-59709E3E9542}.Debug|ARM64.ActiveCfg = Debug|Any CPU
		{EF407A85-3916-4B4D-AC88-59709E3E9542}.Debug|ARM64.Build.0 = Debug|Any CPU
		{EF407A85-3916-4B4D-AC88-59709E3E9542}.Debug|iPhone.ActiveCfg = Debug|Any CPU
		{EF407A85-3916-4B4D-AC88-59709E3E9542}.Debug|iPhone.Build.0 = Debug|Any CPU
		{EF407A85-3916-4B4D-AC88-59709E3E9542}.Debug|iPhoneSimulator.ActiveCfg = Debug|Any CPU
		{EF407A85-3916-4B4D-AC88-59709E3E9542}.Debug|iPhoneSimulator.Build.0 = Debug|Any CPU
		{EF407A85-3916-4B4D-AC88-59709E3E9542}.Debug|x64.ActiveCfg = Debug|Any CPU
		{EF407A85-3916-4B4D-AC88-59709E3E9542}.Debug|x64.Build.0 = Debug|Any CPU
		{EF407A85-3916-4B4D-AC88-59709E3E9542}.Debug|x86.ActiveCfg = Debug|Any CPU
		{EF407A85-3916-4B4D-AC88-59709E3E9542}.Debug|x86.Build.0 = Debug|Any CPU
		{EF407A85-3916-4B4D-AC88-59709E3E9542}.Release|Any CPU.ActiveCfg = Release|Any CPU
		{EF407A85-3916-4B4D-AC88-59709E3E9542}.Release|Any CPU.Build.0 = Release|Any CPU
		{EF407A85-3916-4B4D-AC88-59709E3E9542}.Release|ARM.ActiveCfg = Release|Any CPU
		{EF407A85-3916-4B4D-AC88-59709E3E9542}.Release|ARM.Build.0 = Release|Any CPU
		{EF407A85-3916-4B4D-AC88-59709E3E9542}.Release|ARM64.ActiveCfg = Release|Any CPU
		{EF407A85-3916-4B4D-AC88-59709E3E9542}.Release|ARM64.Build.0 = Release|Any CPU
		{EF407A85-3916-4B4D-AC88-59709E3E9542}.Release|iPhone.ActiveCfg = Release|Any CPU
		{EF407A85-3916-4B4D-AC88-59709E3E9542}.Release|iPhone.Build.0 = Release|Any CPU
		{EF407A85-3916-4B4D-AC88-59709E3E9542}.Release|iPhoneSimulator.ActiveCfg = Release|Any CPU
		{EF407A85-3916-4B4D-AC88-59709E3E9542}.Release|iPhoneSimulator.Build.0 = Release|Any CPU
		{EF407A85-3916-4B4D-AC88-59709E3E9542}.Release|x64.ActiveCfg = Release|Any CPU
		{EF407A85-3916-4B4D-AC88-59709E3E9542}.Release|x64.Build.0 = Release|Any CPU
		{EF407A85-3916-4B4D-AC88-59709E3E9542}.Release|x86.ActiveCfg = Release|Any CPU
		{EF407A85-3916-4B4D-AC88-59709E3E9542}.Release|x86.Build.0 = Release|Any CPU
		{88925495-D410-4522-B748-3BC9808B46DA}.Ad-Hoc|Any CPU.ActiveCfg = Release|Any CPU
		{88925495-D410-4522-B748-3BC9808B46DA}.Ad-Hoc|Any CPU.Build.0 = Release|Any CPU
		{88925495-D410-4522-B748-3BC9808B46DA}.Ad-Hoc|Any CPU.Deploy.0 = Release|Any CPU
		{88925495-D410-4522-B748-3BC9808B46DA}.Ad-Hoc|ARM.ActiveCfg = Release|Any CPU
		{88925495-D410-4522-B748-3BC9808B46DA}.Ad-Hoc|ARM.Build.0 = Release|Any CPU
		{88925495-D410-4522-B748-3BC9808B46DA}.Ad-Hoc|ARM.Deploy.0 = Release|Any CPU
		{88925495-D410-4522-B748-3BC9808B46DA}.Ad-Hoc|ARM64.ActiveCfg = Release|Any CPU
		{88925495-D410-4522-B748-3BC9808B46DA}.Ad-Hoc|ARM64.Build.0 = Release|Any CPU
		{88925495-D410-4522-B748-3BC9808B46DA}.Ad-Hoc|ARM64.Deploy.0 = Release|Any CPU
		{88925495-D410-4522-B748-3BC9808B46DA}.Ad-Hoc|iPhone.ActiveCfg = Release|Any CPU
		{88925495-D410-4522-B748-3BC9808B46DA}.Ad-Hoc|iPhone.Build.0 = Release|Any CPU
		{88925495-D410-4522-B748-3BC9808B46DA}.Ad-Hoc|iPhone.Deploy.0 = Release|Any CPU
		{88925495-D410-4522-B748-3BC9808B46DA}.Ad-Hoc|iPhoneSimulator.ActiveCfg = Release|Any CPU
		{88925495-D410-4522-B748-3BC9808B46DA}.Ad-Hoc|iPhoneSimulator.Build.0 = Release|Any CPU
		{88925495-D410-4522-B748-3BC9808B46DA}.Ad-Hoc|iPhoneSimulator.Deploy.0 = Release|Any CPU
		{88925495-D410-4522-B748-3BC9808B46DA}.Ad-Hoc|x64.ActiveCfg = Release|Any CPU
		{88925495-D410-4522-B748-3BC9808B46DA}.Ad-Hoc|x64.Build.0 = Release|Any CPU
		{88925495-D410-4522-B748-3BC9808B46DA}.Ad-Hoc|x64.Deploy.0 = Release|Any CPU
		{88925495-D410-4522-B748-3BC9808B46DA}.Ad-Hoc|x86.ActiveCfg = Release|Any CPU
		{88925495-D410-4522-B748-3BC9808B46DA}.Ad-Hoc|x86.Build.0 = Release|Any CPU
		{88925495-D410-4522-B748-3BC9808B46DA}.Ad-Hoc|x86.Deploy.0 = Release|Any CPU
		{88925495-D410-4522-B748-3BC9808B46DA}.AppStore|Any CPU.ActiveCfg = Release|Any CPU
		{88925495-D410-4522-B748-3BC9808B46DA}.AppStore|Any CPU.Build.0 = Release|Any CPU
		{88925495-D410-4522-B748-3BC9808B46DA}.AppStore|Any CPU.Deploy.0 = Release|Any CPU
		{88925495-D410-4522-B748-3BC9808B46DA}.AppStore|ARM.ActiveCfg = Release|Any CPU
		{88925495-D410-4522-B748-3BC9808B46DA}.AppStore|ARM.Build.0 = Release|Any CPU
		{88925495-D410-4522-B748-3BC9808B46DA}.AppStore|ARM.Deploy.0 = Release|Any CPU
		{88925495-D410-4522-B748-3BC9808B46DA}.AppStore|ARM64.ActiveCfg = Release|Any CPU
		{88925495-D410-4522-B748-3BC9808B46DA}.AppStore|ARM64.Build.0 = Release|Any CPU
		{88925495-D410-4522-B748-3BC9808B46DA}.AppStore|ARM64.Deploy.0 = Release|Any CPU
		{88925495-D410-4522-B748-3BC9808B46DA}.AppStore|iPhone.ActiveCfg = Release|Any CPU
		{88925495-D410-4522-B748-3BC9808B46DA}.AppStore|iPhone.Build.0 = Release|Any CPU
		{88925495-D410-4522-B748-3BC9808B46DA}.AppStore|iPhone.Deploy.0 = Release|Any CPU
		{88925495-D410-4522-B748-3BC9808B46DA}.AppStore|iPhoneSimulator.ActiveCfg = Release|Any CPU
		{88925495-D410-4522-B748-3BC9808B46DA}.AppStore|iPhoneSimulator.Build.0 = Release|Any CPU
		{88925495-D410-4522-B748-3BC9808B46DA}.AppStore|iPhoneSimulator.Deploy.0 = Release|Any CPU
		{88925495-D410-4522-B748-3BC9808B46DA}.AppStore|x64.ActiveCfg = Release|Any CPU
		{88925495-D410-4522-B748-3BC9808B46DA}.AppStore|x64.Build.0 = Release|Any CPU
		{88925495-D410-4522-B748-3BC9808B46DA}.AppStore|x64.Deploy.0 = Release|Any CPU
		{88925495-D410-4522-B748-3BC9808B46DA}.AppStore|x86.ActiveCfg = Release|Any CPU
		{88925495-D410-4522-B748-3BC9808B46DA}.AppStore|x86.Build.0 = Release|Any CPU
		{88925495-D410-4522-B748-3BC9808B46DA}.AppStore|x86.Deploy.0 = Release|Any CPU
		{88925495-D410-4522-B748-3BC9808B46DA}.Debug|Any CPU.ActiveCfg = Debug|Any CPU
		{88925495-D410-4522-B748-3BC9808B46DA}.Debug|Any CPU.Build.0 = Debug|Any CPU
		{88925495-D410-4522-B748-3BC9808B46DA}.Debug|Any CPU.Deploy.0 = Debug|Any CPU
		{88925495-D410-4522-B748-3BC9808B46DA}.Debug|ARM.ActiveCfg = Debug|Any CPU
		{88925495-D410-4522-B748-3BC9808B46DA}.Debug|ARM.Build.0 = Debug|Any CPU
		{88925495-D410-4522-B748-3BC9808B46DA}.Debug|ARM.Deploy.0 = Debug|Any CPU
		{88925495-D410-4522-B748-3BC9808B46DA}.Debug|ARM64.ActiveCfg = Debug|Any CPU
		{88925495-D410-4522-B748-3BC9808B46DA}.Debug|ARM64.Build.0 = Debug|Any CPU
		{88925495-D410-4522-B748-3BC9808B46DA}.Debug|ARM64.Deploy.0 = Debug|Any CPU
		{88925495-D410-4522-B748-3BC9808B46DA}.Debug|iPhone.ActiveCfg = Debug|Any CPU
		{88925495-D410-4522-B748-3BC9808B46DA}.Debug|iPhone.Build.0 = Debug|Any CPU
		{88925495-D410-4522-B748-3BC9808B46DA}.Debug|iPhone.Deploy.0 = Debug|Any CPU
		{88925495-D410-4522-B748-3BC9808B46DA}.Debug|iPhoneSimulator.ActiveCfg = Debug|Any CPU
		{88925495-D410-4522-B748-3BC9808B46DA}.Debug|iPhoneSimulator.Build.0 = Debug|Any CPU
		{88925495-D410-4522-B748-3BC9808B46DA}.Debug|iPhoneSimulator.Deploy.0 = Debug|Any CPU
		{88925495-D410-4522-B748-3BC9808B46DA}.Debug|x64.ActiveCfg = Debug|Any CPU
		{88925495-D410-4522-B748-3BC9808B46DA}.Debug|x64.Build.0 = Debug|Any CPU
		{88925495-D410-4522-B748-3BC9808B46DA}.Debug|x64.Deploy.0 = Debug|Any CPU
		{88925495-D410-4522-B748-3BC9808B46DA}.Debug|x86.ActiveCfg = Debug|Any CPU
		{88925495-D410-4522-B748-3BC9808B46DA}.Debug|x86.Build.0 = Debug|Any CPU
		{88925495-D410-4522-B748-3BC9808B46DA}.Debug|x86.Deploy.0 = Debug|Any CPU
		{88925495-D410-4522-B748-3BC9808B46DA}.Release|Any CPU.ActiveCfg = Release|Any CPU
		{88925495-D410-4522-B748-3BC9808B46DA}.Release|Any CPU.Build.0 = Release|Any CPU
		{88925495-D410-4522-B748-3BC9808B46DA}.Release|Any CPU.Deploy.0 = Release|Any CPU
		{88925495-D410-4522-B748-3BC9808B46DA}.Release|ARM.ActiveCfg = Release|Any CPU
		{88925495-D410-4522-B748-3BC9808B46DA}.Release|ARM.Build.0 = Release|Any CPU
		{88925495-D410-4522-B748-3BC9808B46DA}.Release|ARM.Deploy.0 = Release|Any CPU
		{88925495-D410-4522-B748-3BC9808B46DA}.Release|ARM64.ActiveCfg = Release|Any CPU
		{88925495-D410-4522-B748-3BC9808B46DA}.Release|ARM64.Build.0 = Release|Any CPU
		{88925495-D410-4522-B748-3BC9808B46DA}.Release|ARM64.Deploy.0 = Release|Any CPU
		{88925495-D410-4522-B748-3BC9808B46DA}.Release|iPhone.ActiveCfg = Release|Any CPU
		{88925495-D410-4522-B748-3BC9808B46DA}.Release|iPhone.Build.0 = Release|Any CPU
		{88925495-D410-4522-B748-3BC9808B46DA}.Release|iPhone.Deploy.0 = Release|Any CPU
		{88925495-D410-4522-B748-3BC9808B46DA}.Release|iPhoneSimulator.ActiveCfg = Release|Any CPU
		{88925495-D410-4522-B748-3BC9808B46DA}.Release|iPhoneSimulator.Build.0 = Release|Any CPU
		{88925495-D410-4522-B748-3BC9808B46DA}.Release|iPhoneSimulator.Deploy.0 = Release|Any CPU
		{88925495-D410-4522-B748-3BC9808B46DA}.Release|x64.ActiveCfg = Release|Any CPU
		{88925495-D410-4522-B748-3BC9808B46DA}.Release|x64.Build.0 = Release|Any CPU
		{88925495-D410-4522-B748-3BC9808B46DA}.Release|x64.Deploy.0 = Release|Any CPU
		{88925495-D410-4522-B748-3BC9808B46DA}.Release|x86.ActiveCfg = Release|Any CPU
		{88925495-D410-4522-B748-3BC9808B46DA}.Release|x86.Build.0 = Release|Any CPU
		{88925495-D410-4522-B748-3BC9808B46DA}.Release|x86.Deploy.0 = Release|Any CPU
		{FEFB0E9D-C633-48CD-90A7-2D48CF838FC1}.Ad-Hoc|Any CPU.ActiveCfg = Ad-Hoc|iPhone
		{FEFB0E9D-C633-48CD-90A7-2D48CF838FC1}.Ad-Hoc|ARM.ActiveCfg = Ad-Hoc|iPhone
		{FEFB0E9D-C633-48CD-90A7-2D48CF838FC1}.Ad-Hoc|ARM64.ActiveCfg = Ad-Hoc|iPhone
		{FEFB0E9D-C633-48CD-90A7-2D48CF838FC1}.Ad-Hoc|iPhone.ActiveCfg = Ad-Hoc|iPhone
		{FEFB0E9D-C633-48CD-90A7-2D48CF838FC1}.Ad-Hoc|iPhone.Build.0 = Ad-Hoc|iPhone
		{FEFB0E9D-C633-48CD-90A7-2D48CF838FC1}.Ad-Hoc|iPhoneSimulator.ActiveCfg = Ad-Hoc|iPhoneSimulator
		{FEFB0E9D-C633-48CD-90A7-2D48CF838FC1}.Ad-Hoc|iPhoneSimulator.Build.0 = Ad-Hoc|iPhoneSimulator
		{FEFB0E9D-C633-48CD-90A7-2D48CF838FC1}.Ad-Hoc|x64.ActiveCfg = Ad-Hoc|iPhone
		{FEFB0E9D-C633-48CD-90A7-2D48CF838FC1}.Ad-Hoc|x86.ActiveCfg = Ad-Hoc|iPhone
		{FEFB0E9D-C633-48CD-90A7-2D48CF838FC1}.AppStore|Any CPU.ActiveCfg = AppStore|iPhone
		{FEFB0E9D-C633-48CD-90A7-2D48CF838FC1}.AppStore|ARM.ActiveCfg = AppStore|iPhone
		{FEFB0E9D-C633-48CD-90A7-2D48CF838FC1}.AppStore|ARM64.ActiveCfg = AppStore|iPhone
		{FEFB0E9D-C633-48CD-90A7-2D48CF838FC1}.AppStore|iPhone.ActiveCfg = AppStore|iPhone
		{FEFB0E9D-C633-48CD-90A7-2D48CF838FC1}.AppStore|iPhone.Build.0 = AppStore|iPhone
		{FEFB0E9D-C633-48CD-90A7-2D48CF838FC1}.AppStore|iPhoneSimulator.ActiveCfg = AppStore|iPhoneSimulator
		{FEFB0E9D-C633-48CD-90A7-2D48CF838FC1}.AppStore|iPhoneSimulator.Build.0 = AppStore|iPhoneSimulator
		{FEFB0E9D-C633-48CD-90A7-2D48CF838FC1}.AppStore|x64.ActiveCfg = AppStore|iPhone
		{FEFB0E9D-C633-48CD-90A7-2D48CF838FC1}.AppStore|x86.ActiveCfg = AppStore|iPhone
		{FEFB0E9D-C633-48CD-90A7-2D48CF838FC1}.Debug|Any CPU.ActiveCfg = Debug|iPhone
		{FEFB0E9D-C633-48CD-90A7-2D48CF838FC1}.Debug|ARM.ActiveCfg = Debug|iPhone
		{FEFB0E9D-C633-48CD-90A7-2D48CF838FC1}.Debug|ARM64.ActiveCfg = Debug|iPhone
		{FEFB0E9D-C633-48CD-90A7-2D48CF838FC1}.Debug|iPhone.ActiveCfg = Debug|iPhone
		{FEFB0E9D-C633-48CD-90A7-2D48CF838FC1}.Debug|iPhone.Build.0 = Debug|iPhone
		{FEFB0E9D-C633-48CD-90A7-2D48CF838FC1}.Debug|iPhoneSimulator.ActiveCfg = Debug|iPhoneSimulator
		{FEFB0E9D-C633-48CD-90A7-2D48CF838FC1}.Debug|iPhoneSimulator.Build.0 = Debug|iPhoneSimulator
		{FEFB0E9D-C633-48CD-90A7-2D48CF838FC1}.Debug|x64.ActiveCfg = Debug|iPhone
		{FEFB0E9D-C633-48CD-90A7-2D48CF838FC1}.Debug|x86.ActiveCfg = Debug|iPhone
		{FEFB0E9D-C633-48CD-90A7-2D48CF838FC1}.Release|Any CPU.ActiveCfg = Release|iPhone
		{FEFB0E9D-C633-48CD-90A7-2D48CF838FC1}.Release|ARM.ActiveCfg = Release|iPhone
		{FEFB0E9D-C633-48CD-90A7-2D48CF838FC1}.Release|ARM64.ActiveCfg = Release|iPhone
		{FEFB0E9D-C633-48CD-90A7-2D48CF838FC1}.Release|iPhone.ActiveCfg = Release|iPhone
		{FEFB0E9D-C633-48CD-90A7-2D48CF838FC1}.Release|iPhone.Build.0 = Release|iPhone
		{FEFB0E9D-C633-48CD-90A7-2D48CF838FC1}.Release|iPhoneSimulator.ActiveCfg = Release|iPhoneSimulator
		{FEFB0E9D-C633-48CD-90A7-2D48CF838FC1}.Release|iPhoneSimulator.Build.0 = Release|iPhoneSimulator
		{FEFB0E9D-C633-48CD-90A7-2D48CF838FC1}.Release|x64.ActiveCfg = Release|iPhone
		{FEFB0E9D-C633-48CD-90A7-2D48CF838FC1}.Release|x86.ActiveCfg = Release|iPhone
		{5A6DBEAF-32AA-4353-80DE-C0B37031C787}.Ad-Hoc|Any CPU.ActiveCfg = Release|x64
		{5A6DBEAF-32AA-4353-80DE-C0B37031C787}.Ad-Hoc|Any CPU.Build.0 = Release|x64
		{5A6DBEAF-32AA-4353-80DE-C0B37031C787}.Ad-Hoc|Any CPU.Deploy.0 = Release|x64
		{5A6DBEAF-32AA-4353-80DE-C0B37031C787}.Ad-Hoc|ARM.ActiveCfg = Release|ARM
		{5A6DBEAF-32AA-4353-80DE-C0B37031C787}.Ad-Hoc|ARM.Build.0 = Release|ARM
		{5A6DBEAF-32AA-4353-80DE-C0B37031C787}.Ad-Hoc|ARM.Deploy.0 = Release|ARM
		{5A6DBEAF-32AA-4353-80DE-C0B37031C787}.Ad-Hoc|ARM64.ActiveCfg = Release|x64
		{5A6DBEAF-32AA-4353-80DE-C0B37031C787}.Ad-Hoc|ARM64.Build.0 = Release|x64
		{5A6DBEAF-32AA-4353-80DE-C0B37031C787}.Ad-Hoc|ARM64.Deploy.0 = Release|x64
		{5A6DBEAF-32AA-4353-80DE-C0B37031C787}.Ad-Hoc|iPhone.ActiveCfg = Release|x64
		{5A6DBEAF-32AA-4353-80DE-C0B37031C787}.Ad-Hoc|iPhone.Build.0 = Release|x64
		{5A6DBEAF-32AA-4353-80DE-C0B37031C787}.Ad-Hoc|iPhone.Deploy.0 = Release|x64
		{5A6DBEAF-32AA-4353-80DE-C0B37031C787}.Ad-Hoc|iPhoneSimulator.ActiveCfg = Release|x64
		{5A6DBEAF-32AA-4353-80DE-C0B37031C787}.Ad-Hoc|iPhoneSimulator.Build.0 = Release|x64
		{5A6DBEAF-32AA-4353-80DE-C0B37031C787}.Ad-Hoc|iPhoneSimulator.Deploy.0 = Release|x64
		{5A6DBEAF-32AA-4353-80DE-C0B37031C787}.Ad-Hoc|x64.ActiveCfg = Release|x64
		{5A6DBEAF-32AA-4353-80DE-C0B37031C787}.Ad-Hoc|x64.Build.0 = Release|x64
		{5A6DBEAF-32AA-4353-80DE-C0B37031C787}.Ad-Hoc|x64.Deploy.0 = Release|x64
		{5A6DBEAF-32AA-4353-80DE-C0B37031C787}.Ad-Hoc|x86.ActiveCfg = Release|x86
		{5A6DBEAF-32AA-4353-80DE-C0B37031C787}.Ad-Hoc|x86.Build.0 = Release|x86
		{5A6DBEAF-32AA-4353-80DE-C0B37031C787}.Ad-Hoc|x86.Deploy.0 = Release|x86
		{5A6DBEAF-32AA-4353-80DE-C0B37031C787}.AppStore|Any CPU.ActiveCfg = Release|x64
		{5A6DBEAF-32AA-4353-80DE-C0B37031C787}.AppStore|Any CPU.Build.0 = Release|x64
		{5A6DBEAF-32AA-4353-80DE-C0B37031C787}.AppStore|Any CPU.Deploy.0 = Release|x64
		{5A6DBEAF-32AA-4353-80DE-C0B37031C787}.AppStore|ARM.ActiveCfg = Release|ARM
		{5A6DBEAF-32AA-4353-80DE-C0B37031C787}.AppStore|ARM.Build.0 = Release|ARM
		{5A6DBEAF-32AA-4353-80DE-C0B37031C787}.AppStore|ARM.Deploy.0 = Release|ARM
		{5A6DBEAF-32AA-4353-80DE-C0B37031C787}.AppStore|ARM64.ActiveCfg = Release|x64
		{5A6DBEAF-32AA-4353-80DE-C0B37031C787}.AppStore|ARM64.Build.0 = Release|x64
		{5A6DBEAF-32AA-4353-80DE-C0B37031C787}.AppStore|ARM64.Deploy.0 = Release|x64
		{5A6DBEAF-32AA-4353-80DE-C0B37031C787}.AppStore|iPhone.ActiveCfg = Release|x64
		{5A6DBEAF-32AA-4353-80DE-C0B37031C787}.AppStore|iPhone.Build.0 = Release|x64
		{5A6DBEAF-32AA-4353-80DE-C0B37031C787}.AppStore|iPhone.Deploy.0 = Release|x64
		{5A6DBEAF-32AA-4353-80DE-C0B37031C787}.AppStore|iPhoneSimulator.ActiveCfg = Release|x64
		{5A6DBEAF-32AA-4353-80DE-C0B37031C787}.AppStore|iPhoneSimulator.Build.0 = Release|x64
		{5A6DBEAF-32AA-4353-80DE-C0B37031C787}.AppStore|iPhoneSimulator.Deploy.0 = Release|x64
		{5A6DBEAF-32AA-4353-80DE-C0B37031C787}.AppStore|x64.ActiveCfg = Release|x64
		{5A6DBEAF-32AA-4353-80DE-C0B37031C787}.AppStore|x64.Build.0 = Release|x64
		{5A6DBEAF-32AA-4353-80DE-C0B37031C787}.AppStore|x64.Deploy.0 = Release|x64
		{5A6DBEAF-32AA-4353-80DE-C0B37031C787}.AppStore|x86.ActiveCfg = Release|x86
		{5A6DBEAF-32AA-4353-80DE-C0B37031C787}.AppStore|x86.Build.0 = Release|x86
		{5A6DBEAF-32AA-4353-80DE-C0B37031C787}.AppStore|x86.Deploy.0 = Release|x86
		{5A6DBEAF-32AA-4353-80DE-C0B37031C787}.Debug|Any CPU.ActiveCfg = Debug|x86
		{5A6DBEAF-32AA-4353-80DE-C0B37031C787}.Debug|ARM.ActiveCfg = Debug|ARM
		{5A6DBEAF-32AA-4353-80DE-C0B37031C787}.Debug|ARM.Build.0 = Debug|ARM
		{5A6DBEAF-32AA-4353-80DE-C0B37031C787}.Debug|ARM.Deploy.0 = Debug|ARM
		{5A6DBEAF-32AA-4353-80DE-C0B37031C787}.Debug|ARM64.ActiveCfg = Debug|x86
		{5A6DBEAF-32AA-4353-80DE-C0B37031C787}.Debug|iPhone.ActiveCfg = Debug|x86
		{5A6DBEAF-32AA-4353-80DE-C0B37031C787}.Debug|iPhoneSimulator.ActiveCfg = Debug|x86
		{5A6DBEAF-32AA-4353-80DE-C0B37031C787}.Debug|x64.ActiveCfg = Debug|x64
		{5A6DBEAF-32AA-4353-80DE-C0B37031C787}.Debug|x64.Build.0 = Debug|x64
		{5A6DBEAF-32AA-4353-80DE-C0B37031C787}.Debug|x64.Deploy.0 = Debug|x64
		{5A6DBEAF-32AA-4353-80DE-C0B37031C787}.Debug|x86.ActiveCfg = Debug|x86
		{5A6DBEAF-32AA-4353-80DE-C0B37031C787}.Debug|x86.Build.0 = Debug|x86
		{5A6DBEAF-32AA-4353-80DE-C0B37031C787}.Debug|x86.Deploy.0 = Debug|x86
		{5A6DBEAF-32AA-4353-80DE-C0B37031C787}.Release|Any CPU.ActiveCfg = Release|x86
		{5A6DBEAF-32AA-4353-80DE-C0B37031C787}.Release|ARM.ActiveCfg = Release|ARM
		{5A6DBEAF-32AA-4353-80DE-C0B37031C787}.Release|ARM.Build.0 = Release|ARM
		{5A6DBEAF-32AA-4353-80DE-C0B37031C787}.Release|ARM.Deploy.0 = Release|ARM
		{5A6DBEAF-32AA-4353-80DE-C0B37031C787}.Release|ARM64.ActiveCfg = Release|x86
		{5A6DBEAF-32AA-4353-80DE-C0B37031C787}.Release|iPhone.ActiveCfg = Release|x86
		{5A6DBEAF-32AA-4353-80DE-C0B37031C787}.Release|iPhoneSimulator.ActiveCfg = Release|x86
		{5A6DBEAF-32AA-4353-80DE-C0B37031C787}.Release|x64.ActiveCfg = Release|x64
		{5A6DBEAF-32AA-4353-80DE-C0B37031C787}.Release|x64.Build.0 = Release|x64
		{5A6DBEAF-32AA-4353-80DE-C0B37031C787}.Release|x64.Deploy.0 = Release|x64
		{5A6DBEAF-32AA-4353-80DE-C0B37031C787}.Release|x86.ActiveCfg = Release|x86
		{5A6DBEAF-32AA-4353-80DE-C0B37031C787}.Release|x86.Build.0 = Release|x86
		{5A6DBEAF-32AA-4353-80DE-C0B37031C787}.Release|x86.Deploy.0 = Release|x86
		{072A09F0-9285-4799-9352-C831732C0E38}.Ad-Hoc|Any CPU.ActiveCfg = Debug|Any CPU
		{072A09F0-9285-4799-9352-C831732C0E38}.Ad-Hoc|Any CPU.Build.0 = Debug|Any CPU
		{072A09F0-9285-4799-9352-C831732C0E38}.Ad-Hoc|ARM.ActiveCfg = Debug|Any CPU
		{072A09F0-9285-4799-9352-C831732C0E38}.Ad-Hoc|ARM.Build.0 = Debug|Any CPU
		{072A09F0-9285-4799-9352-C831732C0E38}.Ad-Hoc|ARM64.ActiveCfg = Debug|Any CPU
		{072A09F0-9285-4799-9352-C831732C0E38}.Ad-Hoc|ARM64.Build.0 = Debug|Any CPU
		{072A09F0-9285-4799-9352-C831732C0E38}.Ad-Hoc|iPhone.ActiveCfg = Debug|Any CPU
		{072A09F0-9285-4799-9352-C831732C0E38}.Ad-Hoc|iPhone.Build.0 = Debug|Any CPU
		{072A09F0-9285-4799-9352-C831732C0E38}.Ad-Hoc|iPhoneSimulator.ActiveCfg = Debug|Any CPU
		{072A09F0-9285-4799-9352-C831732C0E38}.Ad-Hoc|iPhoneSimulator.Build.0 = Debug|Any CPU
		{072A09F0-9285-4799-9352-C831732C0E38}.Ad-Hoc|x64.ActiveCfg = Debug|Any CPU
		{072A09F0-9285-4799-9352-C831732C0E38}.Ad-Hoc|x64.Build.0 = Debug|Any CPU
		{072A09F0-9285-4799-9352-C831732C0E38}.Ad-Hoc|x86.ActiveCfg = Debug|Any CPU
		{072A09F0-9285-4799-9352-C831732C0E38}.Ad-Hoc|x86.Build.0 = Debug|Any CPU
		{072A09F0-9285-4799-9352-C831732C0E38}.AppStore|Any CPU.ActiveCfg = Debug|Any CPU
		{072A09F0-9285-4799-9352-C831732C0E38}.AppStore|Any CPU.Build.0 = Debug|Any CPU
		{072A09F0-9285-4799-9352-C831732C0E38}.AppStore|ARM.ActiveCfg = Debug|Any CPU
		{072A09F0-9285-4799-9352-C831732C0E38}.AppStore|ARM.Build.0 = Debug|Any CPU
		{072A09F0-9285-4799-9352-C831732C0E38}.AppStore|ARM64.ActiveCfg = Debug|Any CPU
		{072A09F0-9285-4799-9352-C831732C0E38}.AppStore|ARM64.Build.0 = Debug|Any CPU
		{072A09F0-9285-4799-9352-C831732C0E38}.AppStore|iPhone.ActiveCfg = Debug|Any CPU
		{072A09F0-9285-4799-9352-C831732C0E38}.AppStore|iPhone.Build.0 = Debug|Any CPU
		{072A09F0-9285-4799-9352-C831732C0E38}.AppStore|iPhoneSimulator.ActiveCfg = Debug|Any CPU
		{072A09F0-9285-4799-9352-C831732C0E38}.AppStore|iPhoneSimulator.Build.0 = Debug|Any CPU
		{072A09F0-9285-4799-9352-C831732C0E38}.AppStore|x64.ActiveCfg = Debug|Any CPU
		{072A09F0-9285-4799-9352-C831732C0E38}.AppStore|x64.Build.0 = Debug|Any CPU
		{072A09F0-9285-4799-9352-C831732C0E38}.AppStore|x86.ActiveCfg = Debug|Any CPU
		{072A09F0-9285-4799-9352-C831732C0E38}.AppStore|x86.Build.0 = Debug|Any CPU
		{072A09F0-9285-4799-9352-C831732C0E38}.Debug|Any CPU.ActiveCfg = Debug|Any CPU
		{072A09F0-9285-4799-9352-C831732C0E38}.Debug|ARM.ActiveCfg = Debug|Any CPU
		{072A09F0-9285-4799-9352-C831732C0E38}.Debug|ARM.Build.0 = Debug|Any CPU
		{072A09F0-9285-4799-9352-C831732C0E38}.Debug|ARM64.ActiveCfg = Debug|Any CPU
		{072A09F0-9285-4799-9352-C831732C0E38}.Debug|ARM64.Build.0 = Debug|Any CPU
		{072A09F0-9285-4799-9352-C831732C0E38}.Debug|iPhone.ActiveCfg = Debug|Any CPU
		{072A09F0-9285-4799-9352-C831732C0E38}.Debug|iPhone.Build.0 = Debug|Any CPU
		{072A09F0-9285-4799-9352-C831732C0E38}.Debug|iPhoneSimulator.ActiveCfg = Debug|Any CPU
		{072A09F0-9285-4799-9352-C831732C0E38}.Debug|iPhoneSimulator.Build.0 = Debug|Any CPU
		{072A09F0-9285-4799-9352-C831732C0E38}.Debug|x64.ActiveCfg = Debug|Any CPU
		{072A09F0-9285-4799-9352-C831732C0E38}.Debug|x64.Build.0 = Debug|Any CPU
		{072A09F0-9285-4799-9352-C831732C0E38}.Debug|x86.ActiveCfg = Debug|Any CPU
		{072A09F0-9285-4799-9352-C831732C0E38}.Debug|x86.Build.0 = Debug|Any CPU
		{072A09F0-9285-4799-9352-C831732C0E38}.Release|Any CPU.ActiveCfg = Release|Any CPU
		{072A09F0-9285-4799-9352-C831732C0E38}.Release|Any CPU.Build.0 = Release|Any CPU
		{072A09F0-9285-4799-9352-C831732C0E38}.Release|ARM.ActiveCfg = Release|Any CPU
		{072A09F0-9285-4799-9352-C831732C0E38}.Release|ARM.Build.0 = Release|Any CPU
		{072A09F0-9285-4799-9352-C831732C0E38}.Release|ARM64.ActiveCfg = Release|Any CPU
		{072A09F0-9285-4799-9352-C831732C0E38}.Release|ARM64.Build.0 = Release|Any CPU
		{072A09F0-9285-4799-9352-C831732C0E38}.Release|iPhone.ActiveCfg = Release|Any CPU
		{072A09F0-9285-4799-9352-C831732C0E38}.Release|iPhone.Build.0 = Release|Any CPU
		{072A09F0-9285-4799-9352-C831732C0E38}.Release|iPhoneSimulator.ActiveCfg = Release|Any CPU
		{072A09F0-9285-4799-9352-C831732C0E38}.Release|iPhoneSimulator.Build.0 = Release|Any CPU
		{072A09F0-9285-4799-9352-C831732C0E38}.Release|x64.ActiveCfg = Release|Any CPU
		{072A09F0-9285-4799-9352-C831732C0E38}.Release|x64.Build.0 = Release|Any CPU
		{072A09F0-9285-4799-9352-C831732C0E38}.Release|x86.ActiveCfg = Release|Any CPU
		{072A09F0-9285-4799-9352-C831732C0E38}.Release|x86.Build.0 = Release|Any CPU
	EndGlobalSection
	GlobalSection(SolutionProperties) = preSolution
		HideSolutionNode = FALSE
	EndGlobalSection
	GlobalSection(NestedProjects) = preSolution
		{A92D39BC-58B4-423F-B9D0-88B556EF3C9A} = {901F2C6E-B290-4407-99EA-B2859C589FC1}
		{07321F27-23C1-4115-B3CA-4DFE16302D5D} = {901F2C6E-B290-4407-99EA-B2859C589FC1}
		{46302E28-9160-47F7-89A0-D742E6359546} = {901F2C6E-B290-4407-99EA-B2859C589FC1}
		{4092441F-4F90-4DF6-B68C-6EC27AC22CA2} = {07321F27-23C1-4115-B3CA-4DFE16302D5D}
		{6F4E3759-FF34-4ABE-BCE2-35078E27A681} = {46302E28-9160-47F7-89A0-D742E6359546}
		{E6A773FB-DBF3-4E5A-A585-400E8A83FE7C} = {46302E28-9160-47F7-89A0-D742E6359546}
		{EF407A85-3916-4B4D-AC88-59709E3E9542} = {07321F27-23C1-4115-B3CA-4DFE16302D5D}
		{A3A11726-6514-4508-8514-E779832A5FAB} = {46302E28-9160-47F7-89A0-D742E6359546}
		{A4FACC57-312D-41F1-9864-D0BFB3DD99AA} = {A92D39BC-58B4-423F-B9D0-88B556EF3C9A}
		{6279C845-92F8-4333-AB99-3D213163593C} = {A4FACC57-312D-41F1-9864-D0BFB3DD99AA}
		{88925495-D410-4522-B748-3BC9808B46DA} = {A4FACC57-312D-41F1-9864-D0BFB3DD99AA}
		{FEFB0E9D-C633-48CD-90A7-2D48CF838FC1} = {A4FACC57-312D-41F1-9864-D0BFB3DD99AA}
		{5A6DBEAF-32AA-4353-80DE-C0B37031C787} = {A4FACC57-312D-41F1-9864-D0BFB3DD99AA}
		{072A09F0-9285-4799-9352-C831732C0E38} = {A4FACC57-312D-41F1-9864-D0BFB3DD99AA}
	EndGlobalSection
	GlobalSection(ExtensibilityGlobals) = postSolution
		SolutionGuid = {8FAE45A0-1D0E-4FA3-91F7-18064BC883FD}
	EndGlobalSection
EndGlobal
